
Microsoft Visual Studio Solution File, Format Version 12.00
# Visual Studio Version 17
VisualStudioVersion = 17.4.33205.214
MinimumVisualStudioVersion = 10.0.40219.1
Project("{FAE04EC0-301F-11D3-BF4B-00C04F79EFBC}") = "PBL03", "PBL03\PBL03.csproj", "{9F22422E-98EA-4C67-B545-14BF9F0518B9}"
EndProject
Global
	GlobalSection(SolutionConfigurationPlatforms) = preSolution
		Debug|Any CPU = Debug|Any CPU
		Release|Any CPU = Release|Any CPU
	EndGlobalSection
	GlobalSection(ProjectConfigurationPlatforms) = postSolution
		{9F22422E-98EA-4C67-B545-14BF9F0518B9}.Debug|Any CPU.ActiveCfg = Debug|Any CPU
		{9F22422E-98EA-4C67-B545-14BF9F0518B9}.Debug|Any CPU.Build.0 = Debug|Any CPU
		{9F22422E-98EA-4C67-B545-14BF9F0518B9}.Release|Any CPU.ActiveCfg = Release|Any CPU
		{9F22422E-98EA-4C67-B545-14BF9F0518B9}.Release|Any CPU.Build.0 = Release|Any CPU
	EndGlobalSection
	GlobalSection(SolutionProperties) = preSolution
		HideSolutionNode = FALSE
	EndGlobalSection
	GlobalSection(ExtensibilityGlobals) = postSolution
		SolutionGuid = {5BA8AD86-1303-4EB3-9E50-0EB58B5D8B65}
	EndGlobalSection
EndGlobal
